# THIS IS AN AUTOGENERATED FILE. DO NOT EDIT THIS FILE DIRECTLY.
# yarn lockfile v1


dset@^3.1.1:
  version "3.1.1"
  resolved "https://registry.yarnpkg.com/dset/-/dset-3.1.1.tgz#07de5af7a8d03eab337ad1a8ba77fe17bba61a8c"
  integrity sha512-hYf+jZNNqJBD2GiMYb+5mqOIX4R4RRHXU3qWMWYN+rqcR2/YpRL2bUHr8C8fU+5DNvqYjJ8YvMGSLuVPWU1cNg==

esm@^3.2.25:
  version "3.2.25"
  resolved "https://registry.yarnpkg.com/esm/-/esm-3.2.25.tgz#342c18c29d56157688ba5ce31f8431fbb795cc10"
  integrity sha512-U1suiZ2oDVWv4zPO56S0NcR5QriEahGtdN2OR6FiOG4WJvcjBVFB0qI4+eKoWFH483PKGuLuu6V8Z4T5g63UVA==
